{
  "name": "DataBindingTutorial",
  "version": "1.0.0",
  "lockfileVersion": 2,
  "requires": true,
  "packages": {
    "": {
      "name": "DataBindingTutorial",
      "version": "1.0.0",
      "dependencies": {
        "@openui5/sap.m": "^1",
        "@openui5/sap.ui.core": "^1",
        "@openui5/sap.ui.layout": "^1",
        "@openui5/themelib_sap_belize": "^1"
      }
    },
    "node_modules/@openui5/sap.m": {
      "version": "1.112.0",
      "resolved": "https://registry.npmjs.org/@openui5/sap.m/-/sap.m-1.112.0.tgz",
      "integrity": "sha512-8Ga6gUENEec+j8xRzOT5WqxTr2ddYepAnW2AWRAMnmgHsf+E3j/Zq9H261ksJ9uD9VP+hpAsL7uMABf+Qsd2SA==",
      "dependencies": {
        "@openui5/sap.ui.core": "1.112.0",
        "@openui5/sap.ui.layout": "1.112.0",
        "@openui5/sap.ui.unified": "1.112.0"
      }
    },
    "node_modules/@openui5/sap.ui.core": {
      "version": "1.112.0",
      "resolved": "https://registry.npmjs.org/@openui5/sap.ui.core/-/sap.ui.core-1.112.0.tgz",
      "integrity": "sha512-z41l8nHeLW1Cc0gDtGloYauJMPSLBhezjMzykiBxlelNuSmtaha98YP9DueU9Cd7ry4Qb177rMZqqbGJTiBR8g=="
    },
    "node_modules/@openui5/sap.ui.layout": {
      "version": "1.112.0",
      "resolved": "https://registry.npmjs.org/@openui5/sap.ui.layout/-/sap.ui.layout-1.112.0.tgz",
      "integrity": "sha512-bqgaWx/x79pYnFu0eOqmHCT29UOxArotnAheJ7a/un60Jot0btUIR+AHO6OUjBgK/kz2ZguvePVrOw58EanL2Q==",
      "dependencies": {
        "@openui5/sap.ui.core": "1.112.0"
      }
    },
    "node_modules/@openui5/sap.ui.unified": {
      "version": "1.112.0",
      "resolved": "https://registry.npmjs.org/@openui5/sap.ui.unified/-/sap.ui.unified-1.112.0.tgz",
      "integrity": "sha512-6vU4Ks+QTbxl+xUEErhUYtUQpDk0L/kJ4uKcEsMJS6nipS9n0plGW+CQfU5e0DZbD0oaDlyJza0WhPJB45Du0Q==",
      "dependencies": {
        "@openui5/sap.ui.core": "1.112.0"
      }
    },
    "node_modules/@openui5/themelib_sap_belize": {
      "version": "1.112.0",
      "resolved": "https://registry.npmjs.org/@openui5/themelib_sap_belize/-/themelib_sap_belize-1.112.0.tgz",
      "integrity": "sha512-yJ6iGNkOW/PO84YJKiEgwOhHrnNKuSWt97EMVmNElMh+OJGBD6O+vKe8CPaY4KE79sl14cL1Ecr/c8Omxef9KQ=="
    }
  },
  "dependencies": {
    "@openui5/sap.m": {
      "version": "1.112.0",
      "resolved": "https://registry.npmjs.org/@openui5/sap.m/-/sap.m-1.112.0.tgz",
      "integrity": "sha512-8Ga6gUENEec+j8xRzOT5WqxTr2ddYepAnW2AWRAMnmgHsf+E3j/Zq9H261ksJ9uD9VP+hpAsL7uMABf+Qsd2SA==",
      "requires": {
        "@openui5/sap.ui.core": "1.112.0",
        "@openui5/sap.ui.layout": "1.112.0",
        "@openui5/sap.ui.unified": "1.112.0"
      }
    },
    "@openui5/sap.ui.core": {
      "version": "1.112.0",
      "resolved": "https://registry.npmjs.org/@openui5/sap.ui.core/-/sap.ui.core-1.112.0.tgz",
      "integrity": "sha512-z41l8nHeLW1Cc0gDtGloYauJMPSLBhezjMzykiBxlelNuSmtaha98YP9DueU9Cd7ry4Qb177rMZqqbGJTiBR8g=="
    },
    "@openui5/sap.ui.layout": {
      "version": "1.112.0",
      "resolved": "https://registry.npmjs.org/@openui5/sap.ui.layout/-/sap.ui.layout-1.112.0.tgz",
      "integrity": "sha512-bqgaWx/x79pYnFu0eOqmHCT29UOxArotnAheJ7a/un60Jot0btUIR+AHO6OUjBgK/kz2ZguvePVrOw58EanL2Q==",
      "requires": {
        "@openui5/sap.ui.core": "1.112.0"
      }
    },
    "@openui5/sap.ui.unified": {
      "version": "1.112.0",
      "resolved": "https://registry.npmjs.org/@openui5/sap.ui.unified/-/sap.ui.unified-1.112.0.tgz",
      "integrity": "sha512-6vU4Ks+QTbxl+xUEErhUYtUQpDk0L/kJ4uKcEsMJS6nipS9n0plGW+CQfU5e0DZbD0oaDlyJza0WhPJB45Du0Q==",
      "requires": {
        "@openui5/sap.ui.core": "1.112.0"
      }
    },
    "@openui5/themelib_sap_belize": {
      "version": "1.112.0",
      "resolved": "https://registry.npmjs.org/@openui5/themelib_sap_belize/-/themelib_sap_belize-1.112.0.tgz",
      "integrity": "sha512-yJ6iGNkOW/PO84YJKiEgwOhHrnNKuSWt97EMVmNElMh+OJGBD6O+vKe8CPaY4KE79sl14cL1Ecr/c8Omxef9KQ=="
    }
  }
}
